
Microsoft Visual Studio Solution File, Format Version 12.00
# Visual Studio Version 17
VisualStudioVersion = 17.11.35327.3
MinimumVisualStudioVersion = 10.0.40219.1
Project("{FAE04EC0-301F-11D3-BF4B-00C04F79EFBC}") = "zjazd5_07122024", "zjazd5_07122024\zjazd5_07122024.csproj", "{5D949B7B-1558-415B-B138-256594ED1358}"
EndProject
Global
	GlobalSection(SolutionConfigurationPlatforms) = preSolution
		Debug|Any CPU = Debug|Any CPU
		Release|Any CPU = Release|Any CPU
	EndGlobalSection
	GlobalSection(ProjectConfigurationPlatforms) = postSolution
		{5D949B7B-1558-415B-B138-256594ED1358}.Debug|Any CPU.ActiveCfg = Debug|Any CPU
		{5D949B7B-1558-415B-B138-256594ED1358}.Debug|Any CPU.Build.0 = Debug|Any CPU
		{5D949B7B-1558-415B-B138-256594ED1358}.Release|Any CPU.ActiveCfg = Release|Any CPU
		{5D949B7B-1558-415B-B138-256594ED1358}.Release|Any CPU.Build.0 = Release|Any CPU
	EndGlobalSection
	GlobalSection(SolutionProperties) = preSolution
		HideSolutionNode = FALSE
	EndGlobalSection
	GlobalSection(ExtensibilityGlobals) = postSolution
		SolutionGuid = {C393F6E5-4C9B-43EB-B5F2-05A4FE16C03E}
	EndGlobalSection
EndGlobal
