
Microsoft Visual Studio Solution File, Format Version 12.00
# Visual Studio Version 17
VisualStudioVersion = 17.11.35327.3
MinimumVisualStudioVersion = 10.0.40219.1
Project("{FAE04EC0-301F-11D3-BF4B-00C04F79EFBC}") = "zjazd2_26102024", "zjazd2_26102024\zjazd2_26102024.csproj", "{38680893-9067-4448-8068-3AAA826C7A01}"
EndProject
Global
	GlobalSection(SolutionConfigurationPlatforms) = preSolution
		Debug|Any CPU = Debug|Any CPU
		Release|Any CPU = Release|Any CPU
	EndGlobalSection
	GlobalSection(ProjectConfigurationPlatforms) = postSolution
		{38680893-9067-4448-8068-3AAA826C7A01}.Debug|Any CPU.ActiveCfg = Debug|Any CPU
		{38680893-9067-4448-8068-3AAA826C7A01}.Debug|Any CPU.Build.0 = Debug|Any CPU
		{38680893-9067-4448-8068-3AAA826C7A01}.Release|Any CPU.ActiveCfg = Release|Any CPU
		{38680893-9067-4448-8068-3AAA826C7A01}.Release|Any CPU.Build.0 = Release|Any CPU
	EndGlobalSection
	GlobalSection(SolutionProperties) = preSolution
		HideSolutionNode = FALSE
	EndGlobalSection
	GlobalSection(ExtensibilityGlobals) = postSolution
		SolutionGuid = {A06FA0FD-CD94-4BE5-9497-93E16FC31D97}
	EndGlobalSection
EndGlobal
