
Microsoft Visual Studio Solution File, Format Version 12.00
# Visual Studio Version 17
VisualStudioVersion = 17.11.35327.3
MinimumVisualStudioVersion = 10.0.40219.1
Project("{FAE04EC0-301F-11D3-BF4B-00C04F79EFBC}") = "projektStatki", "projektStatki\projektStatki.csproj", "{B8EFC6C7-9D03-4A05-BD69-6B759F029C76}"
EndProject
Global
	GlobalSection(SolutionConfigurationPlatforms) = preSolution
		Debug|Any CPU = Debug|Any CPU
		Release|Any CPU = Release|Any CPU
	EndGlobalSection
	GlobalSection(ProjectConfigurationPlatforms) = postSolution
		{B8EFC6C7-9D03-4A05-BD69-6B759F029C76}.Debug|Any CPU.ActiveCfg = Debug|Any CPU
		{B8EFC6C7-9D03-4A05-BD69-6B759F029C76}.Debug|Any CPU.Build.0 = Debug|Any CPU
		{B8EFC6C7-9D03-4A05-BD69-6B759F029C76}.Release|Any CPU.ActiveCfg = Release|Any CPU
		{B8EFC6C7-9D03-4A05-BD69-6B759F029C76}.Release|Any CPU.Build.0 = Release|Any CPU
	EndGlobalSection
	GlobalSection(SolutionProperties) = preSolution
		HideSolutionNode = FALSE
	EndGlobalSection
	GlobalSection(ExtensibilityGlobals) = postSolution
		SolutionGuid = {39C3E9B3-F72A-4520-BE7B-ACC8581961A5}
	EndGlobalSection
EndGlobal
